
Microsoft Visual Studio Solution File, Format Version 12.00
# Visual Studio Version 17
VisualStudioVersion = 17.0.31903.59
MinimumVisualStudioVersion = 10.0.40219.1
Project("{2150E333-8FDC-42A3-9474-1A3956D46DE8}") = "src", "src", "{827E0CD3-B72D-47B6-A68D-7590B98EB39B}"
EndProject
Project("{FAE04EC0-301F-11D3-BF4B-00C04F79EFBC}") = "AgentDeck.Core", "src\AgentDeck.Core\AgentDeck.Core.csproj", "{891D79D1-E8C3-4E22-B4C4-1181A7E79079}"
EndProject
Project("{FAE04EC0-301F-11D3-BF4B-00C04F79EFBC}") = "AgentDeck.Core.Tests", "tests\AgentDeck.Core.Tests\AgentDeck.Core.Tests.csproj", "{7B37F5CE-40BE-4855-BCB3-3042CCB6A39D}"
EndProject
Project("{FAE04EC0-301F-11D3-BF4B-00C04F79EFBC}") = "AgentDeck.Hooks", "src\AgentDeck.Hooks\AgentDeck.Hooks.csproj", "{BE78986E-C074-4B2E-979F-6F32446F18DA}"
EndProject
Project("{FAE04EC0-301F-11D3-BF4B-00C04F79EFBC}") = "AgentDeck.App", "src\AgentDeck.App\AgentDeck.App.csproj", "{35AB4BFF-62CF-4801-A8C5-F6A0B0BE2486}"
EndProject
Project("{FAE04EC0-301F-11D3-BF4B-00C04F79EFBC}") = "AgentDeck.Windows", "src\AgentDeck.Windows\AgentDeck.Windows.csproj", "{4CEF9F7E-3306-4A63-A2C8-933BB0E95875}"
EndProject
Project("{FAE04EC0-301F-11D3-BF4B-00C04F79EFBC}") = "AgentDeck.Claude.Tests", "tests\AgentDeck.Claude.Tests\AgentDeck.Claude.Tests.csproj", "{DB3DFD4B-0CE6-405B-89A2-F098A58EE7E8}"
EndProject
Project("{FAE04EC0-301F-11D3-BF4B-00C04F79EFBC}") = "AgentDeck.Claude", "src\AgentDeck.Claude\AgentDeck.Claude.csproj", "{54A58186-3ABB-44B3-9C2A-C6B02B963DCE}"
EndProject
Global
	GlobalSection(SolutionConfigurationPlatforms) = preSolution
		Debug|Any CPU = Debug|Any CPU
		Debug|x64 = Debug|x64
		Debug|x86 = Debug|x86
		Release|Any CPU = Release|Any CPU
		Release|x64 = Release|x64
		Release|x86 = Release|x86
	EndGlobalSection
	GlobalSection(ProjectConfigurationPlatforms) = postSolution
		{891D79D1-E8C3-4E22-B4C4-1181A7E79079}.Debug|Any CPU.ActiveCfg = Debug|Any CPU
		{891D79D1-E8C3-4E22-B4C4-1181A7E79079}.Debug|Any CPU.Build.0 = Debug|Any CPU
		{891D79D1-E8C3-4E22-B4C4-1181A7E79079}.Debug|x64.ActiveCfg = Debug|Any CPU
		{891D79D1-E8C3-4E22-B4C4-1181A7E79079}.Debug|x64.Build.0 = Debug|Any CPU
		{891D79D1-E8C3-4E22-B4C4-1181A7E79079}.Debug|x86.ActiveCfg = Debug|Any CPU
		{891D79D1-E8C3-4E22-B4C4-1181A7E79079}.Debug|x86.Build.0 = Debug|Any CPU
		{891D79D1-E8C3-4E22-B4C4-1181A7E79079}.Release|Any CPU.ActiveCfg = Release|Any CPU
		{891D79D1-E8C3-4E22-B4C4-1181A7E79079}.Release|Any CPU.Build.0 = Release|Any CPU
		{891D79D1-E8C3-4E22-B4C4-1181A7E79079}.Release|x64.ActiveCfg = Release|Any CPU
		{891D79D1-E8C3-4E22-B4C4-1181A7E79079}.Release|x64.Build.0 = Release|Any CPU
		{891D79D1-E8C3-4E22-B4C4-1181A7E79079}.Release|x86.ActiveCfg = Release|Any CPU
		{891D79D1-E8C3-4E22-B4C4-1181A7E79079}.Release|x86.Build.0 = Release|Any CPU
		{7B37F5CE-40BE-4855-BCB3-3042CCB6A39D}.Debug|Any CPU.ActiveCfg = Debug|Any CPU
		{7B37F5CE-40BE-4855-BCB3-3042CCB6A39D}.Debug|Any CPU.Build.0 = Debug|Any CPU
		{7B37F5CE-40BE-4855-BCB3-3042CCB6A39D}.Debug|x64.ActiveCfg = Debug|Any CPU
		{7B37F5CE-40BE-4855-BCB3-3042CCB6A39D}.Debug|x64.Build.0 = Debug|Any CPU
		{7B37F5CE-40BE-4855-BCB3-3042CCB6A39D}.Debug|x86.ActiveCfg = Debug|Any CPU
		{7B37F5CE-40BE-4855-BCB3-3042CCB6A39D}.Debug|x86.Build.0 = Debug|Any CPU
		{7B37F5CE-40BE-4855-BCB3-3042CCB6A39D}.Release|Any CPU.ActiveCfg = Release|Any CPU
		{7B37F5CE-40BE-4855-BCB3-3042CCB6A39D}.Release|Any CPU.Build.0 = Release|Any CPU
		{7B37F5CE-40BE-4855-BCB3-3042CCB6A39D}.Release|x64.ActiveCfg = Release|Any CPU
		{7B37F5CE-40BE-4855-BCB3-3042CCB6A39D}.Release|x64.Build.0 = Release|Any CPU
		{7B37F5CE-40BE-4855-BCB3-3042CCB6A39D}.Release|x86.ActiveCfg = Release|Any CPU
		{7B37F5CE-40BE-4855-BCB3-3042CCB6A39D}.Release|x86.Build.0 = Release|Any CPU
		{BE78986E-C074-4B2E-979F-6F32446F18DA}.Debug|Any CPU.ActiveCfg = Debug|Any CPU
		{BE78986E-C074-4B2E-979F-6F32446F18DA}.Debug|Any CPU.Build.0 = Debug|Any CPU
		{BE78986E-C074-4B2E-979F-6F32446F18DA}.Debug|x64.ActiveCfg = Debug|Any CPU
		{BE78986E-C074-4B2E-979F-6F32446F18DA}.Debug|x64.Build.0 = Debug|Any CPU
		{BE78986E-C074-4B2E-979F-6F32446F18DA}.Debug|x86.ActiveCfg = Debug|Any CPU
		{BE78986E-C074-4B2E-979F-6F32446F18DA}.Debug|x86.Build.0 = Debug|Any CPU
		{BE78986E-C074-4B2E-979F-6F32446F18DA}.Release|Any CPU.ActiveCfg = Release|Any CPU
		{BE78986E-C074-4B2E-979F-6F32446F18DA}.Release|Any CPU.Build.0 = Release|Any CPU
		{BE78986E-C074-4B2E-979F-6F32446F18DA}.Release|x64.ActiveCfg = Release|Any CPU
		{BE78986E-C074-4B2E-979F-6F32446F18DA}.Release|x64.Build.0 = Release|Any CPU
		{BE78986E-C074-4B2E-979F-6F32446F18DA}.Release|x86.ActiveCfg = Release|Any CPU
		{BE78986E-C074-4B2E-979F-6F32446F18DA}.Release|x86.Build.0 = Release|Any CPU
		{35AB4BFF-62CF-4801-A8C5-F6A0B0BE2486}.Debug|Any CPU.ActiveCfg = Debug|Any CPU
		{35AB4BFF-62CF-4801-A8C5-F6A0B0BE2486}.Debug|Any CPU.Build.0 = Debug|Any CPU
		{35AB4BFF-62CF-4801-A8C5-F6A0B0BE2486}.Debug|x64.ActiveCfg = Debug|Any CPU
		{35AB4BFF-62CF-4801-A8C5-F6A0B0BE2486}.Debug|x64.Build.0 = Debug|Any CPU
		{35AB4BFF-62CF-4801-A8C5-F6A0B0BE2486}.Debug|x86.ActiveCfg = Debug|Any CPU
		{35AB4BFF-62CF-4801-A8C5-F6A0B0BE2486}.Debug|x86.Build.0 = Debug|Any CPU
		{35AB4BFF-62CF-4801-A8C5-F6A0B0BE2486}.Release|Any CPU.ActiveCfg = Release|Any CPU
		{35AB4BFF-62CF-4801-A8C5-F6A0B0BE2486}.Release|Any CPU.Build.0 = Release|Any CPU
		{35AB4BFF-62CF-4801-A8C5-F6A0B0BE2486}.Release|x64.ActiveCfg = Release|Any CPU
		{35AB4BFF-62CF-4801-A8C5-F6A0B0BE2486}.Release|x64.Build.0 = Release|Any CPU
		{35AB4BFF-62CF-4801-A8C5-F6A0B0BE2486}.Release|x86.ActiveCfg = Release|Any CPU
		{35AB4BFF-62CF-4801-A8C5-F6A0B0BE2486}.Release|x86.Build.0 = Release|Any CPU
		{4CEF9F7E-3306-4A63-A2C8-933BB0E95875}.Debug|Any CPU.ActiveCfg = Debug|Any CPU
		{4CEF9F7E-3306-4A63-A2C8-933BB0E95875}.Debug|Any CPU.Build.0 = Debug|Any CPU
		{4CEF9F7E-3306-4A63-A2C8-933BB0E95875}.Debug|x64.ActiveCfg = Debug|Any CPU
		{4CEF9F7E-3306-4A63-A2C8-933BB0E95875}.Debug|x64.Build.0 = Debug|Any CPU
		{4CEF9F7E-3306-4A63-A2C8-933BB0E95875}.Debug|x86.ActiveCfg = Debug|Any CPU
		{4CEF9F7E-3306-4A63-A2C8-933BB0E95875}.Debug|x86.Build.0 = Debug|Any CPU
		{4CEF9F7E-3306-4A63-A2C8-933BB0E95875}.Release|Any CPU.ActiveCfg = Release|Any CPU
		{4CEF9F7E-3306-4A63-A2C8-933BB0E95875}.Release|Any CPU.Build.0 = Release|Any CPU
		{4CEF9F7E-3306-4A63-A2C8-933BB0E95875}.Release|x64.ActiveCfg = Release|Any CPU
		{4CEF9F7E-3306-4A63-A2C8-933BB0E95875}.Release|x64.Build.0 = Release|Any CPU
		{4CEF9F7E-3306-4A63-A2C8-933BB0E95875}.Release|x86.ActiveCfg = Release|Any CPU
		{4CEF9F7E-3306-4A63-A2C8-933BB0E95875}.Release|x86.Build.0 = Release|Any CPU
		{DB3DFD4B-0CE6-405B-89A2-F098A58EE7E8}.Debug|Any CPU.ActiveCfg = Debug|Any CPU
		{DB3DFD4B-0CE6-405B-89A2-F098A58EE7E8}.Debug|Any CPU.Build.0 = Debug|Any CPU
		{DB3DFD4B-0CE6-405B-89A2-F098A58EE7E8}.Debug|x64.ActiveCfg = Debug|Any CPU
		{DB3DFD4B-0CE6-405B-89A2-F098A58EE7E8}.Debug|x64.Build.0 = Debug|Any CPU
		{DB3DFD4B-0CE6-405B-89A2-F098A58EE7E8}.Debug|x86.ActiveCfg = Debug|Any CPU
		{DB3DFD4B-0CE6-405B-89A2-F098A58EE7E8}.Debug|x86.Build.0 = Debug|Any CPU
		{DB3DFD4B-0CE6-405B-89A2-F098A58EE7E8}.Release|Any CPU.ActiveCfg = Release|Any CPU
		{DB3DFD4B-0CE6-405B-89A2-F098A58EE7E8}.Release|Any CPU.Build.0 = Release|Any CPU
		{DB3DFD4B-0CE6-405B-89A2-F098A58EE7E8}.Release|x64.ActiveCfg = Release|Any CPU
		{DB3DFD4B-0CE6-405B-89A2-F098A58EE7E8}.Release|x64.Build.0 = Release|Any CPU
		{DB3DFD4B-0CE6-405B-89A2-F098A58EE7E8}.Release|x86.ActiveCfg = Release|Any CPU
		{DB3DFD4B-0CE6-405B-89A2-F098A58EE7E8}.Release|x86.Build.0 = Release|Any CPU
		{54A58186-3ABB-44B3-9C2A-C6B02B963DCE}.Debug|Any CPU.ActiveCfg = Debug|Any CPU
		{54A58186-3ABB-44B3-9C2A-C6B02B963DCE}.Debug|Any CPU.Build.0 = Debug|Any CPU
		{54A58186-3ABB-44B3-9C2A-C6B02B963DCE}.Debug|x64.ActiveCfg = Debug|Any CPU
		{54A58186-3ABB-44B3-9C2A-C6B02B963DCE}.Debug|x64.Build.0 = Debug|Any CPU
		{54A58186-3ABB-44B3-9C2A-C6B02B963DCE}.Debug|x86.ActiveCfg = Debug|Any CPU
		{54A58186-3ABB-44B3-9C2A-C6B02B963DCE}.Debug|x86.Build.0 = Debug|Any CPU
		{54A58186-3ABB-44B3-9C2A-C6B02B963DCE}.Release|Any CPU.ActiveCfg = Release|Any CPU
		{54A58186-3ABB-44B3-9C2A-C6B02B963DCE}.Release|Any CPU.Build.0 = Release|Any CPU
		{54A58186-3ABB-44B3-9C2A-C6B02B963DCE}.Release|x64.ActiveCfg = Release|Any CPU
		{54A58186-3ABB-44B3-9C2A-C6B02B963DCE}.Release|x64.Build.0 = Release|Any CPU
		{54A58186-3ABB-44B3-9C2A-C6B02B963DCE}.Release|x86.ActiveCfg = Release|Any CPU
		{54A58186-3ABB-44B3-9C2A-C6B02B963DCE}.Release|x86.Build.0 = Release|Any CPU
	EndGlobalSection
	GlobalSection(SolutionProperties) = preSolution
		HideSolutionNode = FALSE
	EndGlobalSection
	GlobalSection(NestedProjects) = preSolution
		{891D79D1-E8C3-4E22-B4C4-1181A7E79079} = {827E0CD3-B72D-47B6-A68D-7590B98EB39B}
		{7B37F5CE-40BE-4855-BCB3-3042CCB6A39D} = {827E0CD3-B72D-47B6-A68D-7590B98EB39B}
		{BE78986E-C074-4B2E-979F-6F32446F18DA} = {827E0CD3-B72D-47B6-A68D-7590B98EB39B}
		{35AB4BFF-62CF-4801-A8C5-F6A0B0BE2486} = {827E0CD3-B72D-47B6-A68D-7590B98EB39B}
		{4CEF9F7E-3306-4A63-A2C8-933BB0E95875} = {827E0CD3-B72D-47B6-A68D-7590B98EB39B}
		{DB3DFD4B-0CE6-405B-89A2-F098A58EE7E8} = {827E0CD3-B72D-47B6-A68D-7590B98EB39B}
		{54A58186-3ABB-44B3-9C2A-C6B02B963DCE} = {827E0CD3-B72D-47B6-A68D-7590B98EB39B}
	EndGlobalSection
EndGlobal
